
Microsoft Visual Studio Solution File, Format Version 12.00
# Visual Studio Version 17
VisualStudioVersion = 17.10.34928.147
MinimumVisualStudioVersion = 10.0.40219.1
Project("{FAE04EC0-301F-11D3-BF4B-00C04F79EFBC}") = "DiaryManager", "DiaryManager\DiaryManager.csproj", "{3A7949A6-2E9D-4C87-858A-8FD6718B2C69}"
EndProject
Project("{FAE04EC0-301F-11D3-BF4B-00C04F79EFBC}") = "DiaryManagerTests", "DiaryManagerTests\DiaryManagerTests.csproj", "{8A87B735-67CF-44BD-ABED-EF65D7379F8E}"
EndProject
Global
	GlobalSection(SolutionConfigurationPlatforms) = preSolution
		Debug|Any CPU = Debug|Any CPU
		Release|Any CPU = Release|Any CPU
	EndGlobalSection
	GlobalSection(ProjectConfigurationPlatforms) = postSolution
		{3A7949A6-2E9D-4C87-858A-8FD6718B2C69}.Debug|Any CPU.ActiveCfg = Debug|Any CPU
		{3A7949A6-2E9D-4C87-858A-8FD6718B2C69}.Debug|Any CPU.Build.0 = Debug|Any CPU
		{3A7949A6-2E9D-4C87-858A-8FD6718B2C69}.Release|Any CPU.ActiveCfg = Release|Any CPU
		{3A7949A6-2E9D-4C87-858A-8FD6718B2C69}.Release|Any CPU.Build.0 = Release|Any CPU
		{8A87B735-67CF-44BD-ABED-EF65D7379F8E}.Debug|Any CPU.ActiveCfg = Debug|Any CPU
		{8A87B735-67CF-44BD-ABED-EF65D7379F8E}.Debug|Any CPU.Build.0 = Debug|Any CPU
		{8A87B735-67CF-44BD-ABED-EF65D7379F8E}.Release|Any CPU.ActiveCfg = Release|Any CPU
		{8A87B735-67CF-44BD-ABED-EF65D7379F8E}.Release|Any CPU.Build.0 = Release|Any CPU
	EndGlobalSection
	GlobalSection(SolutionProperties) = preSolution
		HideSolutionNode = FALSE
	EndGlobalSection
	GlobalSection(ExtensibilityGlobals) = postSolution
		SolutionGuid = {17217B9B-C65A-481B-9047-68AB62D71D92}
	EndGlobalSection
EndGlobal
